// !$*UTF8*$!
{
	archiveVersion = 1;
	classes = {
	};
	objectVersion = 46;
	objects = {

/* Begin PBXBuildFile section */
		ADAD99121BA88C2C0002DF2A /* main.m in Sources */ = {isa = PBXBuildFile; fileRef = ADAD99111BA88C2C0002DF2A /* main.m */; };
		ADAD99151BA88C2C0002DF2A /* AppDelegate.m in Sources */ = {isa = PBXBuildFile; fileRef = ADAD99141BA88C2C0002DF2A /* AppDelegate.m */; };
		ADAD99181BA88C2C0002DF2A /* ViewController.m in Sources */ = {isa = PBXBuildFile; fileRef = ADAD99171BA88C2C0002DF2A /* ViewController.m */; };
		ADAD991B1BA88C2C0002DF2A /* Main.storyboard in Resources */ = {isa = PBXBuildFile; fileRef = ADAD99191BA88C2C0002DF2A /* Main.storyboard */; };
		ADAD991D1BA88C2C0002DF2A /* Images.xcassets in Resources */ = {isa = PBXBuildFile; fileRef = ADAD991C1BA88C2C0002DF2A /* Images.xcassets */; };
		ADAD99201BA88C2C0002DF2A /* LaunchScreen.xib in Resources */ = {isa = PBXBuildFile; fileRef = ADAD991E1BA88C2C0002DF2A /* LaunchScreen.xib */; };
		ADAD992C1BA88C2C0002DF2A /* LessonII_2Tests.m in Sources */ = {isa = PBXBuildFile; fileRef = ADAD992B1BA88C2C0002DF2A /* LessonII_2Tests.m */; };
		ADAD99361BA88C430002DF2A /* Geta.jpg in Resources */ = {isa = PBXBuildFile; fileRef = ADAD99351BA88C430002DF2A /* Geta.jpg */; };
		ADAD993A1BA89ECC0002DF2A /* tax-roll.png in Resources */ = {isa = PBXBuildFile; fileRef = ADAD99391BA89ECC0002DF2A /* tax-roll.png */; };
/* End PBXBuildFile section */

/* Begin PBXContainerItemProxy section */
		ADAD99261BA88C2C0002DF2A /* PBXContainerItemProxy */ = {
			isa = PBXContainerItemProxy;
			containerPortal = ADAD99041BA88C2C0002DF2A /* Project object */;
			proxyType = 1;
			remoteGlobalIDString = ADAD990B1BA88C2C0002DF2A;
			remoteInfo = "LessonII-2";
		};
/* End PBXContainerItemProxy section */

/* Begin PBXFileReference section */
		ADAD990C1BA88C2C0002DF2A /* LessonII-2.app */ = {isa = PBXFileReference; explicitFileType = wrapper.application; includeInIndex = 0; path = "LessonII-2.app"; sourceTree = BUILT_PRODUCTS_DIR; };
		ADAD99101BA88C2C0002DF2A /* Info.plist */ = {isa = PBXFileReference; lastKnownFileType = text.plist.xml; path = Info.plist; sourceTree = "<group>"; };
		ADAD99111BA88C2C0002DF2A /* main.m */ = {isa = PBXFileReference; lastKnownFileType = sourcecode.c.objc; path = main.m; sourceTree = "<group>"; };
		ADAD99131BA88C2C0002DF2A /* AppDelegate.h */ = {isa = PBXFileReference; lastKnownFileType = sourcecode.c.h; path = AppDelegate.h; sourceTree = "<group>"; };
		ADAD99141BA88C2C0002DF2A /* AppDelegate.m */ = {isa = PBXFileReference; lastKnownFileType = sourcecode.c.objc; path = AppDelegate.m; sourceTree = "<group>"; };
		ADAD99161BA88C2C0002DF2A /* ViewController.h */ = {isa = PBXFileReference; lastKnownFileType = sourcecode.c.h; path = ViewController.h; sourceTree = "<group>"; };
		ADAD99171BA88C2C0002DF2A /* ViewController.m */ = {isa = PBXFileReference; lastKnownFileType = sourcecode.c.objc; path = ViewController.m; sourceTree = "<group>"; };
		ADAD991A1BA88C2C0002DF2A /* Base */ = {isa = PBXFileReference; lastKnownFileType = file.storyboard; name = Base; path = Base.lproj/Main.storyboard; sourceTree = "<group>"; };
		ADAD991C1BA88C2C0002DF2A /* Images.xcassets */ = {isa = PBXFileReference; lastKnownFileType = folder.assetcatalog; path = Images.xcassets; sourceTree = "<group>"; };
		ADAD991F1BA88C2C0002DF2A /* Base */ = {isa = PBXFileReference; lastKnownFileType = file.xib; name = Base; path = Base.lproj/LaunchScreen.xib; sourceTree = "<group>"; };
		ADAD99251BA88C2C0002DF2A /* LessonII-2Tests.xctest */ = {isa = PBXFileReference; explicitFileType = wrapper.cfbundle; includeInIndex = 0; path = "LessonII-2Tests.xctest"; sourceTree = BUILT_PRODUCTS_DIR; };
		ADAD992A1BA88C2C0002DF2A /* Info.plist */ = {isa = PBXFileReference; lastKnownFileType = text.plist.xml; path = Info.plist; sourceTree = "<group>"; };
		ADAD992B1BA88C2C0002DF2A /* LessonII_2Tests.m */ = {isa = PBXFileReference; lastKnownFileType = sourcecode.c.objc; path = LessonII_2Tests.m; sourceTree = "<group>"; };
		ADAD99351BA88C430002DF2A /* Geta.jpg */ = {isa = PBXFileReference; lastKnownFileType = image.jpeg; path = Geta.jpg; sourceTree = "<group>"; };
		ADAD99391BA89ECC0002DF2A /* tax-roll.png */ = {isa = PBXFileReference; lastKnownFileType = image.png; path = "tax-roll.png"; sourceTree = "<group>"; };
/* End PBXFileReference section */

/* Begin PBXFrameworksBuildPhase section */
		ADAD99091BA88C2C0002DF2A /* Frameworks */ = {
			isa = PBXFrameworksBuildPhase;
			buildActionMask = 2147483647;
			files = (
			);
			runOnlyForDeploymentPostprocessing = 0;
		};
		ADAD99221BA88C2C0002DF2A /* Frameworks */ = {
			isa = PBXFrameworksBuildPhase;
			buildActionMask = 2147483647;
			files = (
			);
			runOnlyForDeploymentPostprocessing = 0;
		};
/* End PBXFrameworksBuildPhase section */

/* Begin PBXGroup section */
		ADAD99031BA88C2C0002DF2A = {
			isa = PBXGroup;
			children = (
				ADAD990E1BA88C2C0002DF2A /* LessonII-2 */,
				ADAD99281BA88C2C0002DF2A /* LessonII-2Tests */,
				ADAD990D1BA88C2C0002DF2A /* Products */,
			);
			sourceTree = "<group>";
		};
		ADAD990D1BA88C2C0002DF2A /* Products */ = {
			isa = PBXGroup;
			children = (
				ADAD990C1BA88C2C0002DF2A /* LessonII-2.app */,
				ADAD99251BA88C2C0002DF2A /* LessonII-2Tests.xctest */,
			);
			name = Products;
			sourceTree = "<group>";
		};
		ADAD990E1BA88C2C0002DF2A /* LessonII-2 */ = {
			isa = PBXGroup;
			children = (
				ADAD99391BA89ECC0002DF2A /* tax-roll.png */,
				ADAD99351BA88C430002DF2A /* Geta.jpg */,
				ADAD99131BA88C2C0002DF2A /* AppDelegate.h */,
				ADAD99141BA88C2C0002DF2A /* AppDelegate.m */,
				ADAD99161BA88C2C0002DF2A /* ViewController.h */,
				ADAD99171BA88C2C0002DF2A /* ViewController.m */,
				ADAD99191BA88C2C0002DF2A /* Main.storyboard */,
				ADAD991C1BA88C2C0002DF2A /* Images.xcassets */,
				ADAD991E1BA88C2C0002DF2A /* LaunchScreen.xib */,
				ADAD990F1BA88C2C0002DF2A /* Supporting Files */,
			);
			path = "LessonII-2";
			sourceTree = "<group>";
		};
		ADAD990F1BA88C2C0002DF2A /* Supporting Files */ = {
			isa = PBXGroup;
			children = (
				ADAD99101BA88C2C0002DF2A /* Info.plist */,
				ADAD99111BA88C2C0002DF2A /* main.m */,
			);
			name = "Supporting Files";
			sourceTree = "<group>";
		};
		ADAD99281BA88C2C0002DF2A /* LessonII-2Tests */ = {
			isa = PBXGroup;
			children = (
				ADAD992B1BA88C2C0002DF2A /* LessonII_2Tests.m */,
				ADAD99291BA88C2C0002DF2A /* Supporting Files */,
			);
			path = "LessonII-2Tests";
			sourceTree = "<group>";
		};
		ADAD99291BA88C2C0002DF2A /* Supporting Files */ = {
			isa = PBXGroup;
			children = (
				ADAD992A1BA88C2C0002DF2A /* Info.plist */,
			);
			name = "Supporting Files";
			sourceTree = "<group>";
		};
/* End PBXGroup section */

/* Begin PBXNativeTarget section */
		ADAD990B1BA88C2C0002DF2A /* LessonII-2 */ = {
			isa = PBXNativeTarget;
			buildConfigurationList = ADAD992F1BA88C2C0002DF2A /* Build configuration list for PBXNativeTarget "LessonII-2" */;
			buildPhases = (
				ADAD99081BA88C2C0002DF2A /* Sources */,
				ADAD99091BA88C2C0002DF2A /* Frameworks */,
				ADAD990A1BA88C2C0002DF2A /* Resources */,
			);
			buildRules = (
			);
			dependencies = (
			);
			name = "LessonII-2";
			productName = "LessonII-2";
			productReference = ADAD990C1BA88C2C0002DF2A /* LessonII-2.app */;
			productType = "com.apple.product-type.application";
		};
		ADAD99241BA88C2C0002DF2A /* LessonII-2Tests */ = {
			isa = PBXNativeTarget;
			buildConfigurationList = ADAD99321BA88C2C0002DF2A /* Build configuration list for PBXNativeTarget "LessonII-2Tests" */;
			buildPhases = (
				ADAD99211BA88C2C0002DF2A /* Sources */,
				ADAD99221BA88C2C0002DF2A /* Frameworks */,
				ADAD99231BA88C2C0002DF2A /* Resources */,
			);
			buildRules = (
			);
			dependencies = (
				ADAD99271BA88C2C0002DF2A /* PBXTargetDependency */,
			);
			name = "LessonII-2Tests";
			productName = "LessonII-2Tests";
			productReference = ADAD99251BA88C2C0002DF2A /* LessonII-2Tests.xctest */;
			productType = "com.apple.product-type.bundle.unit-test";
		};
/* End PBXNativeTarget section */

/* Begin PBXProject section */
		ADAD99041BA88C2C0002DF2A /* Project object */ = {
			isa = PBXProject;
			attributes = {
				LastUpgradeCheck = 0640;
				ORGANIZATIONNAME = datastore24;
				TargetAttributes = {
					ADAD990B1BA88C2C0002DF2A = {
						CreatedOnToolsVersion = 6.4;
					};
					ADAD99241BA88C2C0002DF2A = {
						CreatedOnToolsVersion = 6.4;
						TestTargetID = ADAD990B1BA88C2C0002DF2A;
					};
				};
			};
			buildConfigurationList = ADAD99071BA88C2C0002DF2A /* Build configuration list for PBXProject "LessonII-2" */;
			compatibilityVersion = "Xcode 3.2";
			developmentRegion = English;
			hasScannedForEncodings = 0;
			knownRegions = (
				en,
				Base,
			);
			mainGroup = ADAD99031BA88C2C0002DF2A;
			productRefGroup = ADAD990D1BA88C2C0002DF2A /* Products */;
			projectDirPath = "";
			projectRoot = "";
			targets = (
				ADAD990B1BA88C2C0002DF2A /* LessonII-2 */,
				ADAD99241BA88C2C0002DF2A /* LessonII-2Tests */,
			);
		};
/* End PBXProject section */

/* Begin PBXResourcesBuildPhase section */
		ADAD990A1BA88C2C0002DF2A /* Resources */ = {
			isa = PBXResourcesBuildPhase;
			buildActionMask = 2147483647;
			files = (
				ADAD99361BA88C430002DF2A /* Geta.jpg in Resources */,
				ADAD991B1BA88C2C0002DF2A /* Main.storyboard in Resources */,
				ADAD99201BA88C2C0002DF2A /* LaunchScreen.xib in Resources */,
				ADAD993A1BA89ECC0002DF2A /* tax-roll.png in Resources */,
				ADAD991D1BA88C2C0002DF2A /* Images.xcassets in Resources */,
			);
			runOnlyForDeploymentPostprocessing = 0;
		};
		ADAD99231BA88C2C0002DF2A /* Resources */ = {
			isa = PBXResourcesBuildPhase;
			buildActionMask = 2147483647;
			files = (
			);
			runOnlyForDeploymentPostprocessing = 0;
		};
/* End PBXResourcesBuildPhase section */

/* Begin PBXSourcesBuildPhase section */
		ADAD99081BA88C2C0002DF2A /* Sources */ = {
			isa = PBXSourcesBuildPhase;
			buildActionMask = 2147483647;
			files = (
				ADAD99181BA88C2C0002DF2A /* ViewController.m in Sources */,
				ADAD99151BA88C2C0002DF2A /* AppDelegate.m in Sources */,
				ADAD99121BA88C2C0002DF2A /* main.m in Sources */,
			);
			runOnlyForDeploymentPostprocessing = 0;
		};
		ADAD99211BA88C2C0002DF2A /* Sources */ = {
			isa = PBXSourcesBuildPhase;
			buildActionMask = 2147483647;
			files = (
				ADAD992C1BA88C2C0002DF2A /* LessonII_2Tests.m in Sources */,
			);
			runOnlyForDeploymentPostprocessing = 0;
		};
/* End PBXSourcesBuildPhase section */

/* Begin PBXTargetDependency section */
		ADAD99271BA88C2C0002DF2A /* PBXTargetDependency */ = {
			isa = PBXTargetDependency;
			target = ADAD990B1BA88C2C0002DF2A /* LessonII-2 */;
			targetProxy = ADAD99261BA88C2C0002DF2A /* PBXContainerItemProxy */;
		};
/* End PBXTargetDependency section */

/* Begin PBXVariantGroup section */
		ADAD99191BA88C2C0002DF2A /* Main.storyboard */ = {
			isa = PBXVariantGroup;
			children = (
				ADAD991A1BA88C2C0002DF2A /* Base */,
			);
			name = Main.storyboard;
			sourceTree = "<group>";
		};
		ADAD991E1BA88C2C0002DF2A /* LaunchScreen.xib */ = {
			isa = PBXVariantGroup;
			children = (
				ADAD991F1BA88C2C0002DF2A /* Base */,
			);
			name = LaunchScreen.xib;
			sourceTree = "<group>";
		};
/* End PBXVariantGroup section */

/* Begin XCBuildConfiguration section */
		ADAD992D1BA88C2C0002DF2A /* Debug */ = {
			isa = XCBuildConfiguration;
			buildSettings = {
				ALWAYS_SEARCH_USER_PATHS = NO;
				CLANG_CXX_LANGUAGE_STANDARD = "gnu++0x";
				CLANG_CXX_LIBRARY = "libc++";
				CLANG_ENABLE_MODULES = YES;
				CLANG_ENABLE_OBJC_ARC = YES;
				CLANG_WARN_BOOL_CONVERSION = YES;
				CLANG_WARN_CONSTANT_CONVERSION = YES;
				CLANG_WARN_DIRECT_OBJC_ISA_USAGE = YES_ERROR;
				CLANG_WARN_EMPTY_BODY = YES;
				CLANG_WARN_ENUM_CONVERSION = YES;
				CLANG_WARN_INT_CONVERSION = YES;
				CLANG_WARN_OBJC_ROOT_CLASS = YES_ERROR;
				CLANG_WARN_UNREACHABLE_CODE = YES;
				CLANG_WARN__DUPLICATE_METHOD_MATCH = YES;
				"CODE_SIGN_IDENTITY[sdk=iphoneos*]" = "iPhone Developer";
				COPY_PHASE_STRIP = NO;
				DEBUG_INFORMATION_FORMAT = "dwarf-with-dsym";
				ENABLE_STRICT_OBJC_MSGSEND = YES;
				GCC_C_LANGUAGE_STANDARD = gnu99;
				GCC_DYNAMIC_NO_PIC = NO;
				GCC_NO_COMMON_BLOCKS = YES;
				GCC_OPTIMIZATION_LEVEL = 0;
				GCC_PREPROCESSOR_DEFINITIONS = (
					"DEBUG=1",
					"$(inherited)",
				);
				GCC_SYMBOLS_PRIVATE_EXTERN = NO;
				GCC_WARN_64_TO_32_BIT_CONVERSION = YES;
				GCC_WARN_ABOUT_RETURN_TYPE = YES_ERROR;
				GCC_WARN_UNDECLARED_SELECTOR = YES;
				GCC_WARN_UNINITIALIZED_AUTOS = YES_AGGRESSIVE;
				GCC_WARN_UNUSED_FUNCTION = YES;
				GCC_WARN_UNUSED_VARIABLE = YES;
				IPHONEOS_DEPLOYMENT_TARGET = 8.4;
				MTL_ENABLE_DEBUG_INFO = YES;
				ONLY_ACTIVE_ARCH = YES;
				SDKROOT = iphoneos;
			};
			name = Debug;
		};
		ADAD992E1BA88C2C0002DF2A /* Release */ = {
			isa = XCBuildConfiguration;
			buildSettings = {
				ALWAYS_SEARCH_USER_PATHS = NO;
				CLANG_CXX_LANGUAGE_STANDARD = "gnu++0x";
				CLANG_CXX_LIBRARY = "libc++";
				CLANG_ENABLE_MODULES = YES;
				CLANG_ENABLE_OBJC_ARC = YES;
				CLANG_WARN_BOOL_CONVERSION = YES;
				CLANG_WARN_CONSTANT_CONVERSION = YES;
				CLANG_WARN_DIRECT_OBJC_ISA_USAGE = YES_ERROR;
				CLANG_WARN_EMPTY_BODY = YES;
				CLANG_WARN_ENUM_CONVERSION = YES;
				CLANG_WARN_INT_CONVERSION = YES;
				CLANG_WARN_OBJC_ROOT_CLASS = YES_ERROR;
				CLANG_WARN_UNREACHABLE_CODE = YES;
				CLANG_WARN__DUPLICATE_METHOD_MATCH = YES;
				"CODE_SIGN_IDENTITY[sdk=iphoneos*]" = "iPhone Developer";
				COPY_PHASE_STRIP = NO;
				DEBUG_INFORMATION_FORMAT = "dwarf-with-dsym";
				ENABLE_NS_ASSERTIONS = NO;
				ENABLE_STRICT_OBJC_MSGSEND = YES;
				GCC_C_LANGUAGE_STANDARD = gnu99;
				GCC_NO_COMMON_BLOCKS = YES;
				GCC_WARN_64_TO_32_BIT_CONVERSION = YES;
				GCC_WARN_ABOUT_RETURN_TYPE = YES_ERROR;
				GCC_WARN_UNDECLARED_SELECTOR = YES;
				GCC_WARN_UNINITIALIZED_AUTOS = YES_AGGRESSIVE;
				GCC_WARN_UNUSED_FUNCTION = YES;
				GCC_WARN_UNUSED_VARIABLE = YES;
				IPHONEOS_DEPLOYMENT_TARGET = 8.4;
				MTL_ENABLE_DEBUG_INFO = NO;
				SDKROOT = iphoneos;
				VALIDATE_PRODUCT = YES;
			};
			name = Release;
		};
		ADAD99301BA88C2C0002DF2A /* Debug */ = {
			isa = XCBuildConfiguration;
			buildSettings = {
				ASSETCATALOG_COMPILER_APPICON_NAME = AppIcon;
				INFOPLIST_FILE = "LessonII-2/Info.plist";
				LD_RUNPATH_SEARCH_PATHS = "$(inherited) @executable_path/Frameworks";
				PRODUCT_NAME = "$(TARGET_NAME)";
			};
			name = Debug;
		};
		ADAD99311BA88C2C0002DF2A /* Release */ = {
			isa = XCBuildConfiguration;
			buildSettings = {
				ASSETCATALOG_COMPILER_APPICON_NAME = AppIcon;
				INFOPLIST_FILE = "LessonII-2/Info.plist";
				LD_RUNPATH_SEARCH_PATHS = "$(inherited) @executable_path/Frameworks";
				PRODUCT_NAME = "$(TARGET_NAME)";
			};
			name = Release;
		};
		ADAD99331BA88C2C0002DF2A /* Debug */ = {
			isa = XCBuildConfiguration;
			buildSettings = {
				BUNDLE_LOADER = "$(TEST_HOST)";
				FRAMEWORK_SEARCH_PATHS = (
					"$(SDKROOT)/Developer/Library/Frameworks",
					"$(inherited)",
				);
				GCC_PREPROCESSOR_DEFINITIONS = (
					"DEBUG=1",
					"$(inherited)",
				);
				INFOPLIST_FILE = "LessonII-2Tests/Info.plist";
				LD_RUNPATH_SEARCH_PATHS = "$(inherited) @executable_path/Frameworks @loader_path/Frameworks";
				PRODUCT_NAME = "$(TARGET_NAME)";
				TEST_HOST = "$(BUILT_PRODUCTS_DIR)/LessonII-2.app/LessonII-2";
			};
			name = Debug;
		};
		ADAD99341BA88C2C0002DF2A /* Release */ = {
			isa = XCBuildConfiguration;
			buildSettings = {
				BUNDLE_LOADER = "$(TEST_HOST)";
				FRAMEWORK_SEARCH_PATHS = (
					"$(SDKROOT)/Developer/Library/Frameworks",
					"$(inherited)",
				);
				INFOPLIST_FILE = "LessonII-2Tests/Info.plist";
				LD_RUNPATH_SEARCH_PATHS = "$(inherited) @executable_path/Frameworks @loader_path/Frameworks";
				PRODUCT_NAME = "$(TARGET_NAME)";
				TEST_HOST = "$(BUILT_PRODUCTS_DIR)/LessonII-2.app/LessonII-2";
			};
			name = Release;
		};
/* End XCBuildConfiguration section */

/* Begin XCConfigurationList section */
		ADAD99071BA88C2C0002DF2A /* Build configuration list for PBXProject "LessonII-2" */ = {
			isa = XCConfigurationList;
			buildConfigurations = (
				ADAD992D1BA88C2C0002DF2A /* Debug */,
				ADAD992E1BA88C2C0002DF2A /* Release */,
			);
			defaultConfigurationIsVisible = 0;
			defaultConfigurationName = Release;
		};
		ADAD992F1BA88C2C0002DF2A /* Build configuration list for PBXNativeTarget "LessonII-2" */ = {
			isa = XCConfigurationList;
			buildConfigurations = (
				ADAD99301BA88C2C0002DF2A /* Debug */,
				ADAD99311BA88C2C0002DF2A /* Release */,
			);
			defaultConfigurationIsVisible = 0;
		};
		ADAD99321BA88C2C0002DF2A /* Build configuration list for PBXNativeTarget "LessonII-2Tests" */ = {
			isa = XCConfigurationList;
			buildConfigurations = (
				ADAD99331BA88C2C0002DF2A /* Debug */,
				ADAD99341BA88C2C0002DF2A /* Release */,
			);
			defaultConfigurationIsVisible = 0;
		};
/* End XCConfigurationList section */
	};
	rootObject = ADAD99041BA88C2C0002DF2A /* Project object */;
}
