// !$*UTF8*$!
{
	archiveVersion = 1;
	classes = {
	};
	objectVersion = 46;
	objects = {

/* Begin PBXBuildFile section */
		ADAD994A1BA8B11B0002DF2A /* main.m in Sources */ = {isa = PBXBuildFile; fileRef = ADAD99491BA8B11B0002DF2A /* main.m */; };
		ADAD994D1BA8B11B0002DF2A /* AppDelegate.m in Sources */ = {isa = PBXBuildFile; fileRef = ADAD994C1BA8B11B0002DF2A /* AppDelegate.m */; };
		ADAD99501BA8B11B0002DF2A /* ViewController.m in Sources */ = {isa = PBXBuildFile; fileRef = ADAD994F1BA8B11B0002DF2A /* ViewController.m */; };
		ADAD99531BA8B11B0002DF2A /* Main.storyboard in Resources */ = {isa = PBXBuildFile; fileRef = ADAD99511BA8B11B0002DF2A /* Main.storyboard */; };
		ADAD99551BA8B11B0002DF2A /* Images.xcassets in Resources */ = {isa = PBXBuildFile; fileRef = ADAD99541BA8B11B0002DF2A /* Images.xcassets */; };
		ADAD99581BA8B11B0002DF2A /* LaunchScreen.xib in Resources */ = {isa = PBXBuildFile; fileRef = ADAD99561BA8B11B0002DF2A /* LaunchScreen.xib */; };
		ADAD99641BA8B11B0002DF2A /* LessonII_2HWTests.m in Sources */ = {isa = PBXBuildFile; fileRef = ADAD99631BA8B11B0002DF2A /* LessonII_2HWTests.m */; };
		ADAD99701BA8B87F0002DF2A /* UIColor+HexColors.m in Sources */ = {isa = PBXBuildFile; fileRef = ADAD996F1BA8B87F0002DF2A /* UIColor+HexColors.m */; };
		ADAD99721BA8C3820002DF2A /* background.jpg in Resources */ = {isa = PBXBuildFile; fileRef = ADAD99711BA8C3820002DF2A /* background.jpg */; };
		ADAD99761BA8D04C0002DF2A /* desk.png in Resources */ = {isa = PBXBuildFile; fileRef = ADAD99751BA8D04C0002DF2A /* desk.png */; };
/* End PBXBuildFile section */

/* Begin PBXContainerItemProxy section */
		ADAD995E1BA8B11B0002DF2A /* PBXContainerItemProxy */ = {
			isa = PBXContainerItemProxy;
			containerPortal = ADAD993C1BA8B11B0002DF2A /* Project object */;
			proxyType = 1;
			remoteGlobalIDString = ADAD99431BA8B11B0002DF2A;
			remoteInfo = "LessonII-2HW";
		};
/* End PBXContainerItemProxy section */

/* Begin PBXFileReference section */
		ADAD99441BA8B11B0002DF2A /* LessonII-2HW.app */ = {isa = PBXFileReference; explicitFileType = wrapper.application; includeInIndex = 0; path = "LessonII-2HW.app"; sourceTree = BUILT_PRODUCTS_DIR; };
		ADAD99481BA8B11B0002DF2A /* Info.plist */ = {isa = PBXFileReference; lastKnownFileType = text.plist.xml; path = Info.plist; sourceTree = "<group>"; };
		ADAD99491BA8B11B0002DF2A /* main.m */ = {isa = PBXFileReference; lastKnownFileType = sourcecode.c.objc; path = main.m; sourceTree = "<group>"; };
		ADAD994B1BA8B11B0002DF2A /* AppDelegate.h */ = {isa = PBXFileReference; lastKnownFileType = sourcecode.c.h; path = AppDelegate.h; sourceTree = "<group>"; };
		ADAD994C1BA8B11B0002DF2A /* AppDelegate.m */ = {isa = PBXFileReference; lastKnownFileType = sourcecode.c.objc; path = AppDelegate.m; sourceTree = "<group>"; };
		ADAD994E1BA8B11B0002DF2A /* ViewController.h */ = {isa = PBXFileReference; lastKnownFileType = sourcecode.c.h; path = ViewController.h; sourceTree = "<group>"; };
		ADAD994F1BA8B11B0002DF2A /* ViewController.m */ = {isa = PBXFileReference; lastKnownFileType = sourcecode.c.objc; path = ViewController.m; sourceTree = "<group>"; };
		ADAD99521BA8B11B0002DF2A /* Base */ = {isa = PBXFileReference; lastKnownFileType = file.storyboard; name = Base; path = Base.lproj/Main.storyboard; sourceTree = "<group>"; };
		ADAD99541BA8B11B0002DF2A /* Images.xcassets */ = {isa = PBXFileReference; lastKnownFileType = folder.assetcatalog; path = Images.xcassets; sourceTree = "<group>"; };
		ADAD99571BA8B11B0002DF2A /* Base */ = {isa = PBXFileReference; lastKnownFileType = file.xib; name = Base; path = Base.lproj/LaunchScreen.xib; sourceTree = "<group>"; };
		ADAD995D1BA8B11B0002DF2A /* LessonII-2HWTests.xctest */ = {isa = PBXFileReference; explicitFileType = wrapper.cfbundle; includeInIndex = 0; path = "LessonII-2HWTests.xctest"; sourceTree = BUILT_PRODUCTS_DIR; };
		ADAD99621BA8B11B0002DF2A /* Info.plist */ = {isa = PBXFileReference; lastKnownFileType = text.plist.xml; path = Info.plist; sourceTree = "<group>"; };
		ADAD99631BA8B11B0002DF2A /* LessonII_2HWTests.m */ = {isa = PBXFileReference; lastKnownFileType = sourcecode.c.objc; path = LessonII_2HWTests.m; sourceTree = "<group>"; };
		ADAD996E1BA8B87F0002DF2A /* UIColor+HexColors.h */ = {isa = PBXFileReference; fileEncoding = 4; lastKnownFileType = sourcecode.c.h; path = "UIColor+HexColors.h"; sourceTree = "<group>"; };
		ADAD996F1BA8B87F0002DF2A /* UIColor+HexColors.m */ = {isa = PBXFileReference; fileEncoding = 4; lastKnownFileType = sourcecode.c.objc; path = "UIColor+HexColors.m"; sourceTree = "<group>"; };
		ADAD99711BA8C3820002DF2A /* background.jpg */ = {isa = PBXFileReference; lastKnownFileType = image.jpeg; path = background.jpg; sourceTree = "<group>"; };
		ADAD99751BA8D04C0002DF2A /* desk.png */ = {isa = PBXFileReference; lastKnownFileType = image.png; path = desk.png; sourceTree = "<group>"; };
/* End PBXFileReference section */

/* Begin PBXFrameworksBuildPhase section */
		ADAD99411BA8B11B0002DF2A /* Frameworks */ = {
			isa = PBXFrameworksBuildPhase;
			buildActionMask = 2147483647;
			files = (
			);
			runOnlyForDeploymentPostprocessing = 0;
		};
		ADAD995A1BA8B11B0002DF2A /* Frameworks */ = {
			isa = PBXFrameworksBuildPhase;
			buildActionMask = 2147483647;
			files = (
			);
			runOnlyForDeploymentPostprocessing = 0;
		};
/* End PBXFrameworksBuildPhase section */

/* Begin PBXGroup section */
		ADAD993B1BA8B11B0002DF2A = {
			isa = PBXGroup;
			children = (
				ADAD99461BA8B11B0002DF2A /* LessonII-2HW */,
				ADAD99601BA8B11B0002DF2A /* LessonII-2HWTests */,
				ADAD99451BA8B11B0002DF2A /* Products */,
			);
			sourceTree = "<group>";
		};
		ADAD99451BA8B11B0002DF2A /* Products */ = {
			isa = PBXGroup;
			children = (
				ADAD99441BA8B11B0002DF2A /* LessonII-2HW.app */,
				ADAD995D1BA8B11B0002DF2A /* LessonII-2HWTests.xctest */,
			);
			name = Products;
			sourceTree = "<group>";
		};
		ADAD99461BA8B11B0002DF2A /* LessonII-2HW */ = {
			isa = PBXGroup;
			children = (
				ADAD99711BA8C3820002DF2A /* background.jpg */,
				ADAD99751BA8D04C0002DF2A /* desk.png */,
				ADAD996D1BA8B8700002DF2A /* Categories */,
				ADAD994B1BA8B11B0002DF2A /* AppDelegate.h */,
				ADAD994C1BA8B11B0002DF2A /* AppDelegate.m */,
				ADAD994E1BA8B11B0002DF2A /* ViewController.h */,
				ADAD994F1BA8B11B0002DF2A /* ViewController.m */,
				ADAD99511BA8B11B0002DF2A /* Main.storyboard */,
				ADAD99541BA8B11B0002DF2A /* Images.xcassets */,
				ADAD99561BA8B11B0002DF2A /* LaunchScreen.xib */,
				ADAD99471BA8B11B0002DF2A /* Supporting Files */,
			);
			path = "LessonII-2HW";
			sourceTree = "<group>";
		};
		ADAD99471BA8B11B0002DF2A /* Supporting Files */ = {
			isa = PBXGroup;
			children = (
				ADAD99481BA8B11B0002DF2A /* Info.plist */,
				ADAD99491BA8B11B0002DF2A /* main.m */,
			);
			name = "Supporting Files";
			sourceTree = "<group>";
		};
		ADAD99601BA8B11B0002DF2A /* LessonII-2HWTests */ = {
			isa = PBXGroup;
			children = (
				ADAD99631BA8B11B0002DF2A /* LessonII_2HWTests.m */,
				ADAD99611BA8B11B0002DF2A /* Supporting Files */,
			);
			path = "LessonII-2HWTests";
			sourceTree = "<group>";
		};
		ADAD99611BA8B11B0002DF2A /* Supporting Files */ = {
			isa = PBXGroup;
			children = (
				ADAD99621BA8B11B0002DF2A /* Info.plist */,
			);
			name = "Supporting Files";
			sourceTree = "<group>";
		};
		ADAD996D1BA8B8700002DF2A /* Categories */ = {
			isa = PBXGroup;
			children = (
				ADAD996E1BA8B87F0002DF2A /* UIColor+HexColors.h */,
				ADAD996F1BA8B87F0002DF2A /* UIColor+HexColors.m */,
			);
			name = Categories;
			sourceTree = "<group>";
		};
/* End PBXGroup section */

/* Begin PBXNativeTarget section */
		ADAD99431BA8B11B0002DF2A /* LessonII-2HW */ = {
			isa = PBXNativeTarget;
			buildConfigurationList = ADAD99671BA8B11B0002DF2A /* Build configuration list for PBXNativeTarget "LessonII-2HW" */;
			buildPhases = (
				ADAD99401BA8B11B0002DF2A /* Sources */,
				ADAD99411BA8B11B0002DF2A /* Frameworks */,
				ADAD99421BA8B11B0002DF2A /* Resources */,
			);
			buildRules = (
			);
			dependencies = (
			);
			name = "LessonII-2HW";
			productName = "LessonII-2HW";
			productReference = ADAD99441BA8B11B0002DF2A /* LessonII-2HW.app */;
			productType = "com.apple.product-type.application";
		};
		ADAD995C1BA8B11B0002DF2A /* LessonII-2HWTests */ = {
			isa = PBXNativeTarget;
			buildConfigurationList = ADAD996A1BA8B11B0002DF2A /* Build configuration list for PBXNativeTarget "LessonII-2HWTests" */;
			buildPhases = (
				ADAD99591BA8B11B0002DF2A /* Sources */,
				ADAD995A1BA8B11B0002DF2A /* Frameworks */,
				ADAD995B1BA8B11B0002DF2A /* Resources */,
			);
			buildRules = (
			);
			dependencies = (
				ADAD995F1BA8B11B0002DF2A /* PBXTargetDependency */,
			);
			name = "LessonII-2HWTests";
			productName = "LessonII-2HWTests";
			productReference = ADAD995D1BA8B11B0002DF2A /* LessonII-2HWTests.xctest */;
			productType = "com.apple.product-type.bundle.unit-test";
		};
/* End PBXNativeTarget section */

/* Begin PBXProject section */
		ADAD993C1BA8B11B0002DF2A /* Project object */ = {
			isa = PBXProject;
			attributes = {
				LastUpgradeCheck = 0640;
				ORGANIZATIONNAME = datastore24;
				TargetAttributes = {
					ADAD99431BA8B11B0002DF2A = {
						CreatedOnToolsVersion = 6.4;
					};
					ADAD995C1BA8B11B0002DF2A = {
						CreatedOnToolsVersion = 6.4;
						TestTargetID = ADAD99431BA8B11B0002DF2A;
					};
				};
			};
			buildConfigurationList = ADAD993F1BA8B11B0002DF2A /* Build configuration list for PBXProject "LessonII-2HW" */;
			compatibilityVersion = "Xcode 3.2";
			developmentRegion = English;
			hasScannedForEncodings = 0;
			knownRegions = (
				en,
				Base,
			);
			mainGroup = ADAD993B1BA8B11B0002DF2A;
			productRefGroup = ADAD99451BA8B11B0002DF2A /* Products */;
			projectDirPath = "";
			projectRoot = "";
			targets = (
				ADAD99431BA8B11B0002DF2A /* LessonII-2HW */,
				ADAD995C1BA8B11B0002DF2A /* LessonII-2HWTests */,
			);
		};
/* End PBXProject section */

/* Begin PBXResourcesBuildPhase section */
		ADAD99421BA8B11B0002DF2A /* Resources */ = {
			isa = PBXResourcesBuildPhase;
			buildActionMask = 2147483647;
			files = (
				ADAD99531BA8B11B0002DF2A /* Main.storyboard in Resources */,
				ADAD99761BA8D04C0002DF2A /* desk.png in Resources */,
				ADAD99721BA8C3820002DF2A /* background.jpg in Resources */,
				ADAD99581BA8B11B0002DF2A /* LaunchScreen.xib in Resources */,
				ADAD99551BA8B11B0002DF2A /* Images.xcassets in Resources */,
			);
			runOnlyForDeploymentPostprocessing = 0;
		};
		ADAD995B1BA8B11B0002DF2A /* Resources */ = {
			isa = PBXResourcesBuildPhase;
			buildActionMask = 2147483647;
			files = (
			);
			runOnlyForDeploymentPostprocessing = 0;
		};
/* End PBXResourcesBuildPhase section */

/* Begin PBXSourcesBuildPhase section */
		ADAD99401BA8B11B0002DF2A /* Sources */ = {
			isa = PBXSourcesBuildPhase;
			buildActionMask = 2147483647;
			files = (
				ADAD99501BA8B11B0002DF2A /* ViewController.m in Sources */,
				ADAD99701BA8B87F0002DF2A /* UIColor+HexColors.m in Sources */,
				ADAD994D1BA8B11B0002DF2A /* AppDelegate.m in Sources */,
				ADAD994A1BA8B11B0002DF2A /* main.m in Sources */,
			);
			runOnlyForDeploymentPostprocessing = 0;
		};
		ADAD99591BA8B11B0002DF2A /* Sources */ = {
			isa = PBXSourcesBuildPhase;
			buildActionMask = 2147483647;
			files = (
				ADAD99641BA8B11B0002DF2A /* LessonII_2HWTests.m in Sources */,
			);
			runOnlyForDeploymentPostprocessing = 0;
		};
/* End PBXSourcesBuildPhase section */

/* Begin PBXTargetDependency section */
		ADAD995F1BA8B11B0002DF2A /* PBXTargetDependency */ = {
			isa = PBXTargetDependency;
			target = ADAD99431BA8B11B0002DF2A /* LessonII-2HW */;
			targetProxy = ADAD995E1BA8B11B0002DF2A /* PBXContainerItemProxy */;
		};
/* End PBXTargetDependency section */

/* Begin PBXVariantGroup section */
		ADAD99511BA8B11B0002DF2A /* Main.storyboard */ = {
			isa = PBXVariantGroup;
			children = (
				ADAD99521BA8B11B0002DF2A /* Base */,
			);
			name = Main.storyboard;
			sourceTree = "<group>";
		};
		ADAD99561BA8B11B0002DF2A /* LaunchScreen.xib */ = {
			isa = PBXVariantGroup;
			children = (
				ADAD99571BA8B11B0002DF2A /* Base */,
			);
			name = LaunchScreen.xib;
			sourceTree = "<group>";
		};
/* End PBXVariantGroup section */

/* Begin XCBuildConfiguration section */
		ADAD99651BA8B11B0002DF2A /* Debug */ = {
			isa = XCBuildConfiguration;
			buildSettings = {
				ALWAYS_SEARCH_USER_PATHS = NO;
				CLANG_CXX_LANGUAGE_STANDARD = "gnu++0x";
				CLANG_CXX_LIBRARY = "libc++";
				CLANG_ENABLE_MODULES = YES;
				CLANG_ENABLE_OBJC_ARC = YES;
				CLANG_WARN_BOOL_CONVERSION = YES;
				CLANG_WARN_CONSTANT_CONVERSION = YES;
				CLANG_WARN_DIRECT_OBJC_ISA_USAGE = YES_ERROR;
				CLANG_WARN_EMPTY_BODY = YES;
				CLANG_WARN_ENUM_CONVERSION = YES;
				CLANG_WARN_INT_CONVERSION = YES;
				CLANG_WARN_OBJC_ROOT_CLASS = YES_ERROR;
				CLANG_WARN_UNREACHABLE_CODE = YES;
				CLANG_WARN__DUPLICATE_METHOD_MATCH = YES;
				"CODE_SIGN_IDENTITY[sdk=iphoneos*]" = "iPhone Developer";
				COPY_PHASE_STRIP = NO;
				DEBUG_INFORMATION_FORMAT = "dwarf-with-dsym";
				ENABLE_STRICT_OBJC_MSGSEND = YES;
				GCC_C_LANGUAGE_STANDARD = gnu99;
				GCC_DYNAMIC_NO_PIC = NO;
				GCC_NO_COMMON_BLOCKS = YES;
				GCC_OPTIMIZATION_LEVEL = 0;
				GCC_PREPROCESSOR_DEFINITIONS = (
					"DEBUG=1",
					"$(inherited)",
				);
				GCC_SYMBOLS_PRIVATE_EXTERN = NO;
				GCC_WARN_64_TO_32_BIT_CONVERSION = YES;
				GCC_WARN_ABOUT_RETURN_TYPE = YES_ERROR;
				GCC_WARN_UNDECLARED_SELECTOR = YES;
				GCC_WARN_UNINITIALIZED_AUTOS = YES_AGGRESSIVE;
				GCC_WARN_UNUSED_FUNCTION = YES;
				GCC_WARN_UNUSED_VARIABLE = YES;
				IPHONEOS_DEPLOYMENT_TARGET = 8.4;
				MTL_ENABLE_DEBUG_INFO = YES;
				ONLY_ACTIVE_ARCH = YES;
				SDKROOT = iphoneos;
			};
			name = Debug;
		};
		ADAD99661BA8B11B0002DF2A /* Release */ = {
			isa = XCBuildConfiguration;
			buildSettings = {
				ALWAYS_SEARCH_USER_PATHS = NO;
				CLANG_CXX_LANGUAGE_STANDARD = "gnu++0x";
				CLANG_CXX_LIBRARY = "libc++";
				CLANG_ENABLE_MODULES = YES;
				CLANG_ENABLE_OBJC_ARC = YES;
				CLANG_WARN_BOOL_CONVERSION = YES;
				CLANG_WARN_CONSTANT_CONVERSION = YES;
				CLANG_WARN_DIRECT_OBJC_ISA_USAGE = YES_ERROR;
				CLANG_WARN_EMPTY_BODY = YES;
				CLANG_WARN_ENUM_CONVERSION = YES;
				CLANG_WARN_INT_CONVERSION = YES;
				CLANG_WARN_OBJC_ROOT_CLASS = YES_ERROR;
				CLANG_WARN_UNREACHABLE_CODE = YES;
				CLANG_WARN__DUPLICATE_METHOD_MATCH = YES;
				"CODE_SIGN_IDENTITY[sdk=iphoneos*]" = "iPhone Developer";
				COPY_PHASE_STRIP = NO;
				DEBUG_INFORMATION_FORMAT = "dwarf-with-dsym";
				ENABLE_NS_ASSERTIONS = NO;
				ENABLE_STRICT_OBJC_MSGSEND = YES;
				GCC_C_LANGUAGE_STANDARD = gnu99;
				GCC_NO_COMMON_BLOCKS = YES;
				GCC_WARN_64_TO_32_BIT_CONVERSION = YES;
				GCC_WARN_ABOUT_RETURN_TYPE = YES_ERROR;
				GCC_WARN_UNDECLARED_SELECTOR = YES;
				GCC_WARN_UNINITIALIZED_AUTOS = YES_AGGRESSIVE;
				GCC_WARN_UNUSED_FUNCTION = YES;
				GCC_WARN_UNUSED_VARIABLE = YES;
				IPHONEOS_DEPLOYMENT_TARGET = 8.4;
				MTL_ENABLE_DEBUG_INFO = NO;
				SDKROOT = iphoneos;
				VALIDATE_PRODUCT = YES;
			};
			name = Release;
		};
		ADAD99681BA8B11B0002DF2A /* Debug */ = {
			isa = XCBuildConfiguration;
			buildSettings = {
				ASSETCATALOG_COMPILER_APPICON_NAME = AppIcon;
				INFOPLIST_FILE = "LessonII-2HW/Info.plist";
				LD_RUNPATH_SEARCH_PATHS = "$(inherited) @executable_path/Frameworks";
				PRODUCT_NAME = "$(TARGET_NAME)";
				TARGETED_DEVICE_FAMILY = 2;
			};
			name = Debug;
		};
		ADAD99691BA8B11B0002DF2A /* Release */ = {
			isa = XCBuildConfiguration;
			buildSettings = {
				ASSETCATALOG_COMPILER_APPICON_NAME = AppIcon;
				INFOPLIST_FILE = "LessonII-2HW/Info.plist";
				LD_RUNPATH_SEARCH_PATHS = "$(inherited) @executable_path/Frameworks";
				PRODUCT_NAME = "$(TARGET_NAME)";
				TARGETED_DEVICE_FAMILY = 2;
			};
			name = Release;
		};
		ADAD996B1BA8B11B0002DF2A /* Debug */ = {
			isa = XCBuildConfiguration;
			buildSettings = {
				BUNDLE_LOADER = "$(TEST_HOST)";
				FRAMEWORK_SEARCH_PATHS = (
					"$(SDKROOT)/Developer/Library/Frameworks",
					"$(inherited)",
				);
				GCC_PREPROCESSOR_DEFINITIONS = (
					"DEBUG=1",
					"$(inherited)",
				);
				INFOPLIST_FILE = "LessonII-2HWTests/Info.plist";
				LD_RUNPATH_SEARCH_PATHS = "$(inherited) @executable_path/Frameworks @loader_path/Frameworks";
				PRODUCT_NAME = "$(TARGET_NAME)";
				TEST_HOST = "$(BUILT_PRODUCTS_DIR)/LessonII-2HW.app/LessonII-2HW";
			};
			name = Debug;
		};
		ADAD996C1BA8B11B0002DF2A /* Release */ = {
			isa = XCBuildConfiguration;
			buildSettings = {
				BUNDLE_LOADER = "$(TEST_HOST)";
				FRAMEWORK_SEARCH_PATHS = (
					"$(SDKROOT)/Developer/Library/Frameworks",
					"$(inherited)",
				);
				INFOPLIST_FILE = "LessonII-2HWTests/Info.plist";
				LD_RUNPATH_SEARCH_PATHS = "$(inherited) @executable_path/Frameworks @loader_path/Frameworks";
				PRODUCT_NAME = "$(TARGET_NAME)";
				TEST_HOST = "$(BUILT_PRODUCTS_DIR)/LessonII-2HW.app/LessonII-2HW";
			};
			name = Release;
		};
/* End XCBuildConfiguration section */

/* Begin XCConfigurationList section */
		ADAD993F1BA8B11B0002DF2A /* Build configuration list for PBXProject "LessonII-2HW" */ = {
			isa = XCConfigurationList;
			buildConfigurations = (
				ADAD99651BA8B11B0002DF2A /* Debug */,
				ADAD99661BA8B11B0002DF2A /* Release */,
			);
			defaultConfigurationIsVisible = 0;
			defaultConfigurationName = Release;
		};
		ADAD99671BA8B11B0002DF2A /* Build configuration list for PBXNativeTarget "LessonII-2HW" */ = {
			isa = XCConfigurationList;
			buildConfigurations = (
				ADAD99681BA8B11B0002DF2A /* Debug */,
				ADAD99691BA8B11B0002DF2A /* Release */,
			);
			defaultConfigurationIsVisible = 0;
		};
		ADAD996A1BA8B11B0002DF2A /* Build configuration list for PBXNativeTarget "LessonII-2HWTests" */ = {
			isa = XCConfigurationList;
			buildConfigurations = (
				ADAD996B1BA8B11B0002DF2A /* Debug */,
				ADAD996C1BA8B11B0002DF2A /* Release */,
			);
			defaultConfigurationIsVisible = 0;
		};
/* End XCConfigurationList section */
	};
	rootObject = ADAD993C1BA8B11B0002DF2A /* Project object */;
}
